<?xml version="1.0" encoding="UTF-8" standalone="yes" ?>
<CodeBlocks_project_file>
	<FileVersion major="1" minor="6" />
	<Project>
		<Option title="debug_transfer_alignment" />
		<Option pch_mode="2" />
		<Option compiler="gcc" />
		<Build>
			<Target title="Debug">
				<Option output="bin/Debug/debug_transfer_alignment" prefix_auto="1" extension_auto="1" />
				<Option object_output="obj/Debug/" />
				<Option type="1" />
				<Option compiler="gcc" />
				<Compiler>
					<Add option="-g" />
				</Compiler>
			</Target>
			<Target title="Release">
				<Option output="bin/Release/debug_transfer_alignment" prefix_auto="1" extension_auto="1" />
				<Option object_output="obj/Release/" />
				<Option type="1" />
				<Option compiler="gcc" />
				<Compiler>
					<Add option="-O2" />
				</Compiler>
				<Linker>
					<Add option="-s" />
				</Linker>
			</Target>
		</Build>
		<Compiler>
			<Add option="-Wall" />
			<Add directory="../../nav" />
		</Compiler>
		<Unit filename="../axes.c">
			<Option compilerVar="CC" />
		</Unit>
		<Unit filename="../axes.h" />
		<Unit filename="../inertial_solve.c">
			<Option compilerVar="CC" />
		</Unit>
		<Unit filename="../inertial_solve.h" />
		<Unit filename="../matrix_operation.c">
			<Option compilerVar="CC" />
		</Unit>
		<Unit filename="../matrix_operation.h" />
		<Unit filename="../transfer_alignment.c">
			<Option compilerVar="CC" />
		</Unit>
		<Unit filename="../transfer_alignment.h" />
		<Unit filename="main.c">
			<Option compilerVar="CC" />
		</Unit>
		<Extensions>
			<code_completion />
			<envvars />
			<debugger />
		</Extensions>
	</Project>
</CodeBlocks_project_file>
